// !$*UTF8*$!
{
	archiveVersion = 1;
	classes = {
	};
	objectVersion = 56;
	objects = {

/* Begin PBXBuildFile section */
		85753BB42C83339900C924E0 /* AppDelegate.swift in Sources */ = {isa = PBXBuildFile; fileRef = 85753BB32C83339900C924E0 /* AppDelegate.swift */; };
		85753BB62C83339900C924E0 /* SceneDelegate.swift in Sources */ = {isa = PBXBuildFile; fileRef = 85753BB52C83339900C924E0 /* SceneDelegate.swift */; };
		85753BB82C83339900C924E0 /* MainViewController.swift in Sources */ = {isa = PBXBuildFile; fileRef = 85753BB72C83339900C924E0 /* MainViewController.swift */; };
		85753BBB2C83339900C924E0 /* Base in Resources */ = {isa = PBXBuildFile; fileRef = 85753BBA2C83339900C924E0 /* Base */; };
		85753BBD2C83339B00C924E0 /* Assets.xcassets in Resources */ = {isa = PBXBuildFile; fileRef = 85753BBC2C83339B00C924E0 /* Assets.xcassets */; };
		85753BC02C83339B00C924E0 /* Base in Resources */ = {isa = PBXBuildFile; fileRef = 85753BBF2C83339B00C924E0 /* Base */; };
		85753BC82C8334CA00C924E0 /* GoogleService-Info.plist in Resources */ = {isa = PBXBuildFile; fileRef = 85753BC72C8334CA00C924E0 /* GoogleService-Info.plist */; };
		85753BCB2C83353100C924E0 /* FirebaseAnalytics in Frameworks */ = {isa = PBXBuildFile; productRef = 85753BCA2C83353100C924E0 /* FirebaseAnalytics */; };
		85753BCD2C83353100C924E0 /* FirebaseAnalyticsOnDeviceConversion in Frameworks */ = {isa = PBXBuildFile; productRef = 85753BCC2C83353100C924E0 /* FirebaseAnalyticsOnDeviceConversion */; };
		85753BCF2C83353100C924E0 /* FirebaseAnalyticsWithoutAdIdSupport in Frameworks */ = {isa = PBXBuildFile; productRef = 85753BCE2C83353100C924E0 /* FirebaseAnalyticsWithoutAdIdSupport */; };
		85753BD12C83353100C924E0 /* FirebaseAppCheck in Frameworks */ = {isa = PBXBuildFile; productRef = 85753BD02C83353100C924E0 /* FirebaseAppCheck */; };
		85753BD32C83353100C924E0 /* FirebaseAppDistribution-Beta in Frameworks */ = {isa = PBXBuildFile; productRef = 85753BD22C83353100C924E0 /* FirebaseAppDistribution-Beta */; };
		85753BD52C833A9400C924E0 /* Jewelry.swift in Sources */ = {isa = PBXBuildFile; fileRef = 85753BD42C833A9400C924E0 /* Jewelry.swift */; };
		85753BD82C833C3600C924E0 /* FirebaseDatabase in Frameworks */ = {isa = PBXBuildFile; productRef = 85753BD72C833C3600C924E0 /* FirebaseDatabase */; };
		85753BDA2C833CEF00C924E0 /* JewelryCollectionViewCell.swift in Sources */ = {isa = PBXBuildFile; fileRef = 85753BD92C833CEF00C924E0 /* JewelryCollectionViewCell.swift */; };
		85753BDC2C833D8D00C924E0 /* JewelryDetailViewController.swift in Sources */ = {isa = PBXBuildFile; fileRef = 85753BDB2C833D8D00C924E0 /* JewelryDetailViewController.swift */; };
		85753BDE2C833EF400C924E0 /* JewelryCollectionViewLayout.swift in Sources */ = {isa = PBXBuildFile; fileRef = 85753BDD2C833EF400C924E0 /* JewelryCollectionViewLayout.swift */; };
/* End PBXBuildFile section */

/* Begin PBXFileReference section */
		85753BB02C83339900C924E0 /* JewelryCatalog.app */ = {isa = PBXFileReference; explicitFileType = wrapper.application; includeInIndex = 0; path = JewelryCatalog.app; sourceTree = BUILT_PRODUCTS_DIR; };
		85753BB32C83339900C924E0 /* AppDelegate.swift */ = {isa = PBXFileReference; lastKnownFileType = sourcecode.swift; path = AppDelegate.swift; sourceTree = "<group>"; };
		85753BB52C83339900C924E0 /* SceneDelegate.swift */ = {isa = PBXFileReference; lastKnownFileType = sourcecode.swift; path = SceneDelegate.swift; sourceTree = "<group>"; };
		85753BB72C83339900C924E0 /* MainViewController.swift */ = {isa = PBXFileReference; lastKnownFileType = sourcecode.swift; path = MainViewController.swift; sourceTree = "<group>"; };
		85753BBA2C83339900C924E0 /* Base */ = {isa = PBXFileReference; lastKnownFileType = file.storyboard; name = Base; path = Base.lproj/Main.storyboard; sourceTree = "<group>"; };
		85753BBC2C83339B00C924E0 /* Assets.xcassets */ = {isa = PBXFileReference; lastKnownFileType = folder.assetcatalog; path = Assets.xcassets; sourceTree = "<group>"; };
		85753BBF2C83339B00C924E0 /* Base */ = {isa = PBXFileReference; lastKnownFileType = file.storyboard; name = Base; path = Base.lproj/LaunchScreen.storyboard; sourceTree = "<group>"; };
		85753BC12C83339B00C924E0 /* Info.plist */ = {isa = PBXFileReference; lastKnownFileType = text.plist.xml; path = Info.plist; sourceTree = "<group>"; };
		85753BC72C8334CA00C924E0 /* GoogleService-Info.plist */ = {isa = PBXFileReference; fileEncoding = 4; lastKnownFileType = text.plist.xml; path = "GoogleService-Info.plist"; sourceTree = "<group>"; };
		85753BD42C833A9400C924E0 /* Jewelry.swift */ = {isa = PBXFileReference; lastKnownFileType = sourcecode.swift; path = Jewelry.swift; sourceTree = "<group>"; };
		85753BD92C833CEF00C924E0 /* JewelryCollectionViewCell.swift */ = {isa = PBXFileReference; lastKnownFileType = sourcecode.swift; path = JewelryCollectionViewCell.swift; sourceTree = "<group>"; };
		85753BDB2C833D8D00C924E0 /* JewelryDetailViewController.swift */ = {isa = PBXFileReference; lastKnownFileType = sourcecode.swift; path = JewelryDetailViewController.swift; sourceTree = "<group>"; };
		85753BDD2C833EF400C924E0 /* JewelryCollectionViewLayout.swift */ = {isa = PBXFileReference; lastKnownFileType = sourcecode.swift; path = JewelryCollectionViewLayout.swift; sourceTree = "<group>"; };
/* End PBXFileReference section */

/* Begin PBXFrameworksBuildPhase section */
		85753BAD2C83339900C924E0 /* Frameworks */ = {
			isa = PBXFrameworksBuildPhase;
			buildActionMask = 2147483647;
			files = (
				85753BD82C833C3600C924E0 /* FirebaseDatabase in Frameworks */,
				85753BD12C83353100C924E0 /* FirebaseAppCheck in Frameworks */,
				85753BCB2C83353100C924E0 /* FirebaseAnalytics in Frameworks */,
				85753BD32C83353100C924E0 /* FirebaseAppDistribution-Beta in Frameworks */,
				85753BCF2C83353100C924E0 /* FirebaseAnalyticsWithoutAdIdSupport in Frameworks */,
				85753BCD2C83353100C924E0 /* FirebaseAnalyticsOnDeviceConversion in Frameworks */,
			);
			runOnlyForDeploymentPostprocessing = 0;
		};
/* End PBXFrameworksBuildPhase section */

/* Begin PBXGroup section */
		85753BA72C83339900C924E0 = {
			isa = PBXGroup;
			children = (
				85753BB22C83339900C924E0 /* JewelryCatalog */,
				85753BB12C83339900C924E0 /* Products */,
				85753BD62C833C2500C924E0 /* Frameworks */,
			);
			sourceTree = "<group>";
		};
		85753BB12C83339900C924E0 /* Products */ = {
			isa = PBXGroup;
			children = (
				85753BB02C83339900C924E0 /* JewelryCatalog.app */,
			);
			name = Products;
			sourceTree = "<group>";
		};
		85753BB22C83339900C924E0 /* JewelryCatalog */ = {
			isa = PBXGroup;
			children = (
				85753BC72C8334CA00C924E0 /* GoogleService-Info.plist */,
				85753BB32C83339900C924E0 /* AppDelegate.swift */,
				85753BB52C83339900C924E0 /* SceneDelegate.swift */,
				85753BB72C83339900C924E0 /* MainViewController.swift */,
				85753BB92C83339900C924E0 /* Main.storyboard */,
				85753BBC2C83339B00C924E0 /* Assets.xcassets */,
				85753BBE2C83339B00C924E0 /* LaunchScreen.storyboard */,
				85753BC12C83339B00C924E0 /* Info.plist */,
				85753BD42C833A9400C924E0 /* Jewelry.swift */,
				85753BD92C833CEF00C924E0 /* JewelryCollectionViewCell.swift */,
				85753BDB2C833D8D00C924E0 /* JewelryDetailViewController.swift */,
				85753BDD2C833EF400C924E0 /* JewelryCollectionViewLayout.swift */,
			);
			path = JewelryCatalog;
			sourceTree = "<group>";
		};
		85753BD62C833C2500C924E0 /* Frameworks */ = {
			isa = PBXGroup;
			children = (
			);
			name = Frameworks;
			sourceTree = "<group>";
		};
/* End PBXGroup section */

/* Begin PBXNativeTarget section */
		85753BAF2C83339900C924E0 /* JewelryCatalog */ = {
			isa = PBXNativeTarget;
			buildConfigurationList = 85753BC42C83339B00C924E0 /* Build configuration list for PBXNativeTarget "JewelryCatalog" */;
			buildPhases = (
				85753BAC2C83339900C924E0 /* Sources */,
				85753BAD2C83339900C924E0 /* Frameworks */,
				85753BAE2C83339900C924E0 /* Resources */,
			);
			buildRules = (
			);
			dependencies = (
			);
			name = JewelryCatalog;
			packageProductDependencies = (
				85753BCA2C83353100C924E0 /* FirebaseAnalytics */,
				85753BCC2C83353100C924E0 /* FirebaseAnalyticsOnDeviceConversion */,
				85753BCE2C83353100C924E0 /* FirebaseAnalyticsWithoutAdIdSupport */,
				85753BD02C83353100C924E0 /* FirebaseAppCheck */,
				85753BD22C83353100C924E0 /* FirebaseAppDistribution-Beta */,
				85753BD72C833C3600C924E0 /* FirebaseDatabase */,
			);
			productName = JewelryCatalog;
			productReference = 85753BB02C83339900C924E0 /* JewelryCatalog.app */;
			productType = "com.apple.product-type.application";
		};
/* End PBXNativeTarget section */

/* Begin PBXProject section */
		85753BA82C83339900C924E0 /* Project object */ = {
			isa = PBXProject;
			attributes = {
				BuildIndependentTargetsInParallel = 1;
				LastSwiftUpdateCheck = 1540;
				LastUpgradeCheck = 1540;
				TargetAttributes = {
					85753BAF2C83339900C924E0 = {
						CreatedOnToolsVersion = 15.4;
					};
				};
			};
			buildConfigurationList = 85753BAB2C83339900C924E0 /* Build configuration list for PBXProject "JewelryCatalog" */;
			compatibilityVersion = "Xcode 14.0";
			developmentRegion = en;
			hasScannedForEncodings = 0;
			knownRegions = (
				en,
				Base,
			);
			mainGroup = 85753BA72C83339900C924E0;
			packageReferences = (
				85753BC92C83353100C924E0 /* XCRemoteSwiftPackageReference "firebase-ios-sdk" */,
			);
			productRefGroup = 85753BB12C83339900C924E0 /* Products */;
			projectDirPath = "";
			projectRoot = "";
			targets = (
				85753BAF2C83339900C924E0 /* JewelryCatalog */,
			);
		};
/* End PBXProject section */

/* Begin PBXResourcesBuildPhase section */
		85753BAE2C83339900C924E0 /* Resources */ = {
			isa = PBXResourcesBuildPhase;
			buildActionMask = 2147483647;
			files = (
				85753BBD2C83339B00C924E0 /* Assets.xcassets in Resources */,
				85753BC82C8334CA00C924E0 /* GoogleService-Info.plist in Resources */,
				85753BC02C83339B00C924E0 /* Base in Resources */,
				85753BBB2C83339900C924E0 /* Base in Resources */,
			);
			runOnlyForDeploymentPostprocessing = 0;
		};
/* End PBXResourcesBuildPhase section */

/* Begin PBXSourcesBuildPhase section */
		85753BAC2C83339900C924E0 /* Sources */ = {
			isa = PBXSourcesBuildPhase;
			buildActionMask = 2147483647;
			files = (
				85753BB82C83339900C924E0 /* MainViewController.swift in Sources */,
				85753BDE2C833EF400C924E0 /* JewelryCollectionViewLayout.swift in Sources */,
				85753BB42C83339900C924E0 /* AppDelegate.swift in Sources */,
				85753BDC2C833D8D00C924E0 /* JewelryDetailViewController.swift in Sources */,
				85753BD52C833A9400C924E0 /* Jewelry.swift in Sources */,
				85753BB62C83339900C924E0 /* SceneDelegate.swift in Sources */,
				85753BDA2C833CEF00C924E0 /* JewelryCollectionViewCell.swift in Sources */,
			);
			runOnlyForDeploymentPostprocessing = 0;
		};
/* End PBXSourcesBuildPhase section */

/* Begin PBXVariantGroup section */
		85753BB92C83339900C924E0 /* Main.storyboard */ = {
			isa = PBXVariantGroup;
			children = (
				85753BBA2C83339900C924E0 /* Base */,
			);
			name = Main.storyboard;
			sourceTree = "<group>";
		};
		85753BBE2C83339B00C924E0 /* LaunchScreen.storyboard */ = {
			isa = PBXVariantGroup;
			children = (
				85753BBF2C83339B00C924E0 /* Base */,
			);
			name = LaunchScreen.storyboard;
			sourceTree = "<group>";
		};
/* End PBXVariantGroup section */

/* Begin XCBuildConfiguration section */
		85753BC22C83339B00C924E0 /* Debug */ = {
			isa = XCBuildConfiguration;
			buildSettings = {
				ALWAYS_SEARCH_USER_PATHS = NO;
				ASSETCATALOG_COMPILER_GENERATE_SWIFT_ASSET_SYMBOL_EXTENSIONS = YES;
				CLANG_ANALYZER_NONNULL = YES;
				CLANG_ANALYZER_NUMBER_OBJECT_CONVERSION = YES_AGGRESSIVE;
				CLANG_CXX_LANGUAGE_STANDARD = "gnu++20";
				CLANG_ENABLE_MODULES = YES;
				CLANG_ENABLE_OBJC_ARC = YES;
				CLANG_ENABLE_OBJC_WEAK = YES;
				CLANG_WARN_BLOCK_CAPTURE_AUTORELEASING = YES;
				CLANG_WARN_BOOL_CONVERSION = YES;
				CLANG_WARN_COMMA = YES;
				CLANG_WARN_CONSTANT_CONVERSION = YES;
				CLANG_WARN_DEPRECATED_OBJC_IMPLEMENTATIONS = YES;
				CLANG_WARN_DIRECT_OBJC_ISA_USAGE = YES_ERROR;
				CLANG_WARN_DOCUMENTATION_COMMENTS = YES;
				CLANG_WARN_EMPTY_BODY = YES;
				CLANG_WARN_ENUM_CONVERSION = YES;
				CLANG_WARN_INFINITE_RECURSION = YES;
				CLANG_WARN_INT_CONVERSION = YES;
				CLANG_WARN_NON_LITERAL_NULL_CONVERSION = YES;
				CLANG_WARN_OBJC_IMPLICIT_RETAIN_SELF = YES;
				CLANG_WARN_OBJC_LITERAL_CONVERSION = YES;
				CLANG_WARN_OBJC_ROOT_CLASS = YES_ERROR;
				CLANG_WARN_QUOTED_INCLUDE_IN_FRAMEWORK_HEADER = YES;
				CLANG_WARN_RANGE_LOOP_ANALYSIS = YES;
				CLANG_WARN_STRICT_PROTOTYPES = YES;
				CLANG_WARN_SUSPICIOUS_MOVE = YES;
				CLANG_WARN_UNGUARDED_AVAILABILITY = YES_AGGRESSIVE;
				CLANG_WARN_UNREACHABLE_CODE = YES;
				CLANG_WARN__DUPLICATE_METHOD_MATCH = YES;
				COPY_PHASE_STRIP = NO;
				DEBUG_INFORMATION_FORMAT = dwarf;
				ENABLE_STRICT_OBJC_MSGSEND = YES;
				ENABLE_TESTABILITY = YES;
				ENABLE_USER_SCRIPT_SANDBOXING = YES;
				GCC_C_LANGUAGE_STANDARD = gnu17;
				GCC_DYNAMIC_NO_PIC = NO;
				GCC_NO_COMMON_BLOCKS = YES;
				GCC_OPTIMIZATION_LEVEL = 0;
				GCC_PREPROCESSOR_DEFINITIONS = (
					"DEBUG=1",
					"$(inherited)",
				);
				GCC_WARN_64_TO_32_BIT_CONVERSION = YES;
				GCC_WARN_ABOUT_RETURN_TYPE = YES_ERROR;
				GCC_WARN_UNDECLARED_SELECTOR = YES;
				GCC_WARN_UNINITIALIZED_AUTOS = YES_AGGRESSIVE;
				GCC_WARN_UNUSED_FUNCTION = YES;
				GCC_WARN_UNUSED_VARIABLE = YES;
				IPHONEOS_DEPLOYMENT_TARGET = 17.5;
				LOCALIZATION_PREFERS_STRING_CATALOGS = YES;
				MTL_ENABLE_DEBUG_INFO = INCLUDE_SOURCE;
				MTL_FAST_MATH = YES;
				ONLY_ACTIVE_ARCH = YES;
				SDKROOT = iphoneos;
				SWIFT_ACTIVE_COMPILATION_CONDITIONS = "DEBUG $(inherited)";
				SWIFT_OPTIMIZATION_LEVEL = "-Onone";
			};
			name = Debug;
		};
		85753BC32C83339B00C924E0 /* Release */ = {
			isa = XCBuildConfiguration;
			buildSettings = {
				ALWAYS_SEARCH_USER_PATHS = NO;
				ASSETCATALOG_COMPILER_GENERATE_SWIFT_ASSET_SYMBOL_EXTENSIONS = YES;
				CLANG_ANALYZER_NONNULL = YES;
				CLANG_ANALYZER_NUMBER_OBJECT_CONVERSION = YES_AGGRESSIVE;
				CLANG_CXX_LANGUAGE_STANDARD = "gnu++20";
				CLANG_ENABLE_MODULES = YES;
				CLANG_ENABLE_OBJC_ARC = YES;
				CLANG_ENABLE_OBJC_WEAK = YES;
				CLANG_WARN_BLOCK_CAPTURE_AUTORELEASING = YES;
				CLANG_WARN_BOOL_CONVERSION = YES;
				CLANG_WARN_COMMA = YES;
				CLANG_WARN_CONSTANT_CONVERSION = YES;
				CLANG_WARN_DEPRECATED_OBJC_IMPLEMENTATIONS = YES;
				CLANG_WARN_DIRECT_OBJC_ISA_USAGE = YES_ERROR;
				CLANG_WARN_DOCUMENTATION_COMMENTS = YES;
				CLANG_WARN_EMPTY_BODY = YES;
				CLANG_WARN_ENUM_CONVERSION = YES;
				CLANG_WARN_INFINITE_RECURSION = YES;
				CLANG_WARN_INT_CONVERSION = YES;
				CLANG_WARN_NON_LITERAL_NULL_CONVERSION = YES;
				CLANG_WARN_OBJC_IMPLICIT_RETAIN_SELF = YES;
				CLANG_WARN_OBJC_LITERAL_CONVERSION = YES;
				CLANG_WARN_OBJC_ROOT_CLASS = YES_ERROR;
				CLANG_WARN_QUOTED_INCLUDE_IN_FRAMEWORK_HEADER = YES;
				CLANG_WARN_RANGE_LOOP_ANALYSIS = YES;
				CLANG_WARN_STRICT_PROTOTYPES = YES;
				CLANG_WARN_SUSPICIOUS_MOVE = YES;
				CLANG_WARN_UNGUARDED_AVAILABILITY = YES_AGGRESSIVE;
				CLANG_WARN_UNREACHABLE_CODE = YES;
				CLANG_WARN__DUPLICATE_METHOD_MATCH = YES;
				COPY_PHASE_STRIP = NO;
				DEBUG_INFORMATION_FORMAT = "dwarf-with-dsym";
				ENABLE_NS_ASSERTIONS = NO;
				ENABLE_STRICT_OBJC_MSGSEND = YES;
				ENABLE_USER_SCRIPT_SANDBOXING = YES;
				GCC_C_LANGUAGE_STANDARD = gnu17;
				GCC_NO_COMMON_BLOCKS = YES;
				GCC_WARN_64_TO_32_BIT_CONVERSION = YES;
				GCC_WARN_ABOUT_RETURN_TYPE = YES_ERROR;
				GCC_WARN_UNDECLARED_SELECTOR = YES;
				GCC_WARN_UNINITIALIZED_AUTOS = YES_AGGRESSIVE;
				GCC_WARN_UNUSED_FUNCTION = YES;
				GCC_WARN_UNUSED_VARIABLE = YES;
				IPHONEOS_DEPLOYMENT_TARGET = 17.5;
				LOCALIZATION_PREFERS_STRING_CATALOGS = YES;
				MTL_ENABLE_DEBUG_INFO = NO;
				MTL_FAST_MATH = YES;
				SDKROOT = iphoneos;
				SWIFT_COMPILATION_MODE = wholemodule;
				VALIDATE_PRODUCT = YES;
			};
			name = Release;
		};
		85753BC52C83339B00C924E0 /* Debug */ = {
			isa = XCBuildConfiguration;
			buildSettings = {
				ASSETCATALOG_COMPILER_APPICON_NAME = AppIcon;
				ASSETCATALOG_COMPILER_GLOBAL_ACCENT_COLOR_NAME = AccentColor;
				CODE_SIGN_STYLE = Automatic;
				CURRENT_PROJECT_VERSION = 1;
				GENERATE_INFOPLIST_FILE = YES;
				INFOPLIST_FILE = JewelryCatalog/Info.plist;
				INFOPLIST_KEY_UIApplicationSupportsIndirectInputEvents = YES;
				INFOPLIST_KEY_UILaunchStoryboardName = LaunchScreen;
				INFOPLIST_KEY_UIMainStoryboardFile = Main;
				INFOPLIST_KEY_UISupportedInterfaceOrientations_iPad = "UIInterfaceOrientationPortrait UIInterfaceOrientationPortraitUpsideDown UIInterfaceOrientationLandscapeLeft UIInterfaceOrientationLandscapeRight";
				INFOPLIST_KEY_UISupportedInterfaceOrientations_iPhone = "UIInterfaceOrientationPortrait UIInterfaceOrientationLandscapeLeft UIInterfaceOrientationLandscapeRight";
				LD_RUNPATH_SEARCH_PATHS = (
					"$(inherited)",
					"@executable_path/Frameworks",
				);
				MARKETING_VERSION = 1.0;
				PRODUCT_BUNDLE_IDENTIFIER = hadar.JewelryCatalog;
				PRODUCT_NAME = "$(TARGET_NAME)";
				SWIFT_EMIT_LOC_STRINGS = YES;
				SWIFT_VERSION = 5.0;
				TARGETED_DEVICE_FAMILY = "1,2";
			};
			name = Debug;
		};
		85753BC62C83339B00C924E0 /* Release */ = {
			isa = XCBuildConfiguration;
			buildSettings = {
				ASSETCATALOG_COMPILER_APPICON_NAME = AppIcon;
				ASSETCATALOG_COMPILER_GLOBAL_ACCENT_COLOR_NAME = AccentColor;
				CODE_SIGN_STYLE = Automatic;
				CURRENT_PROJECT_VERSION = 1;
				GENERATE_INFOPLIST_FILE = YES;
				INFOPLIST_FILE = JewelryCatalog/Info.plist;
				INFOPLIST_KEY_UIApplicationSupportsIndirectInputEvents = YES;
				INFOPLIST_KEY_UILaunchStoryboardName = LaunchScreen;
				INFOPLIST_KEY_UIMainStoryboardFile = Main;
				INFOPLIST_KEY_UISupportedInterfaceOrientations_iPad = "UIInterfaceOrientationPortrait UIInterfaceOrientationPortraitUpsideDown UIInterfaceOrientationLandscapeLeft UIInterfaceOrientationLandscapeRight";
				INFOPLIST_KEY_UISupportedInterfaceOrientations_iPhone = "UIInterfaceOrientationPortrait UIInterfaceOrientationLandscapeLeft UIInterfaceOrientationLandscapeRight";
				LD_RUNPATH_SEARCH_PATHS = (
					"$(inherited)",
					"@executable_path/Frameworks",
				);
				MARKETING_VERSION = 1.0;
				PRODUCT_BUNDLE_IDENTIFIER = hadar.JewelryCatalog;
				PRODUCT_NAME = "$(TARGET_NAME)";
				SWIFT_EMIT_LOC_STRINGS = YES;
				SWIFT_VERSION = 5.0;
				TARGETED_DEVICE_FAMILY = "1,2";
			};
			name = Release;
		};
/* End XCBuildConfiguration section */

/* Begin XCConfigurationList section */
		85753BAB2C83339900C924E0 /* Build configuration list for PBXProject "JewelryCatalog" */ = {
			isa = XCConfigurationList;
			buildConfigurations = (
				85753BC22C83339B00C924E0 /* Debug */,
				85753BC32C83339B00C924E0 /* Release */,
			);
			defaultConfigurationIsVisible = 0;
			defaultConfigurationName = Release;
		};
		85753BC42C83339B00C924E0 /* Build configuration list for PBXNativeTarget "JewelryCatalog" */ = {
			isa = XCConfigurationList;
			buildConfigurations = (
				85753BC52C83339B00C924E0 /* Debug */,
				85753BC62C83339B00C924E0 /* Release */,
			);
			defaultConfigurationIsVisible = 0;
			defaultConfigurationName = Release;
		};
/* End XCConfigurationList section */

/* Begin XCRemoteSwiftPackageReference section */
		85753BC92C83353100C924E0 /* XCRemoteSwiftPackageReference "firebase-ios-sdk" */ = {
			isa = XCRemoteSwiftPackageReference;
			repositoryURL = "https://github.com/firebase/firebase-ios-sdk";
			requirement = {
				kind = upToNextMajorVersion;
				minimumVersion = 11.1.0;
			};
		};
/* End XCRemoteSwiftPackageReference section */

/* Begin XCSwiftPackageProductDependency section */
		85753BCA2C83353100C924E0 /* FirebaseAnalytics */ = {
			isa = XCSwiftPackageProductDependency;
			package = 85753BC92C83353100C924E0 /* XCRemoteSwiftPackageReference "firebase-ios-sdk" */;
			productName = FirebaseAnalytics;
		};
		85753BCC2C83353100C924E0 /* FirebaseAnalyticsOnDeviceConversion */ = {
			isa = XCSwiftPackageProductDependency;
			package = 85753BC92C83353100C924E0 /* XCRemoteSwiftPackageReference "firebase-ios-sdk" */;
			productName = FirebaseAnalyticsOnDeviceConversion;
		};
		85753BCE2C83353100C924E0 /* FirebaseAnalyticsWithoutAdIdSupport */ = {
			isa = XCSwiftPackageProductDependency;
			package = 85753BC92C83353100C924E0 /* XCRemoteSwiftPackageReference "firebase-ios-sdk" */;
			productName = FirebaseAnalyticsWithoutAdIdSupport;
		};
		85753BD02C83353100C924E0 /* FirebaseAppCheck */ = {
			isa = XCSwiftPackageProductDependency;
			package = 85753BC92C83353100C924E0 /* XCRemoteSwiftPackageReference "firebase-ios-sdk" */;
			productName = FirebaseAppCheck;
		};
		85753BD22C83353100C924E0 /* FirebaseAppDistribution-Beta */ = {
			isa = XCSwiftPackageProductDependency;
			package = 85753BC92C83353100C924E0 /* XCRemoteSwiftPackageReference "firebase-ios-sdk" */;
			productName = "FirebaseAppDistribution-Beta";
		};
		85753BD72C833C3600C924E0 /* FirebaseDatabase */ = {
			isa = XCSwiftPackageProductDependency;
			package = 85753BC92C83353100C924E0 /* XCRemoteSwiftPackageReference "firebase-ios-sdk" */;
			productName = FirebaseDatabase;
		};
/* End XCSwiftPackageProductDependency section */
	};
	rootObject = 85753BA82C83339900C924E0 /* Project object */;
}
